// !$*UTF8*$!
{
	archiveVersion = 1;
	classes = {
	};
	objectVersion = 46;
	objects = {

/* Begin PBXBuildFile section */
		DEB5F81F1E2EA818006C9609 /* AppDelegate.swift in Sources */ = {isa = PBXBuildFile; fileRef = DEB5F81E1E2EA818006C9609 /* AppDelegate.swift */; };
		DEB5F8211E2EA818006C9609 /* ViewController.swift in Sources */ = {isa = PBXBuildFile; fileRef = DEB5F8201E2EA818006C9609 /* ViewController.swift */; };
		DEB5F8241E2EA818006C9609 /* Main.storyboard in Resources */ = {isa = PBXBuildFile; fileRef = DEB5F8221E2EA818006C9609 /* Main.storyboard */; };
		DEB5F8261E2EA818006C9609 /* Assets.xcassets in Resources */ = {isa = PBXBuildFile; fileRef = DEB5F8251E2EA818006C9609 /* Assets.xcassets */; };
		DEB5F8291E2EA818006C9609 /* LaunchScreen.storyboard in Resources */ = {isa = PBXBuildFile; fileRef = DEB5F8271E2EA818006C9609 /* LaunchScreen.storyboard */; };
		DEB5F8321E2EA8B3006C9609 /* Post.swift in Sources */ = {isa = PBXBuildFile; fileRef = DEB5F8311E2EA8B3006C9609 /* Post.swift */; };
		DEB5F8351E2EB07D006C9609 /* PostCell.swift in Sources */ = {isa = PBXBuildFile; fileRef = DEB5F8341E2EB07D006C9609 /* PostCell.swift */; };
		DEB5F8381E2EB562006C9609 /* AddPostVC.swift in Sources */ = {isa = PBXBuildFile; fileRef = DEB5F8371E2EB562006C9609 /* AddPostVC.swift */; };
		DEB5F83B1E2EC06A006C9609 /* DataService.swift in Sources */ = {isa = PBXBuildFile; fileRef = DEB5F83A1E2EC06A006C9609 /* DataService.swift */; };
/* End PBXBuildFile section */

/* Begin PBXFileReference section */
		DEB5F81B1E2EA818006C9609 /* myHood-dev.app */ = {isa = PBXFileReference; explicitFileType = wrapper.application; includeInIndex = 0; path = "myHood-dev.app"; sourceTree = BUILT_PRODUCTS_DIR; };
		DEB5F81E1E2EA818006C9609 /* AppDelegate.swift */ = {isa = PBXFileReference; lastKnownFileType = sourcecode.swift; path = AppDelegate.swift; sourceTree = "<group>"; };
		DEB5F8201E2EA818006C9609 /* ViewController.swift */ = {isa = PBXFileReference; lastKnownFileType = sourcecode.swift; path = ViewController.swift; sourceTree = "<group>"; };
		DEB5F8231E2EA818006C9609 /* Base */ = {isa = PBXFileReference; lastKnownFileType = file.storyboard; name = Base; path = Base.lproj/Main.storyboard; sourceTree = "<group>"; };
		DEB5F8251E2EA818006C9609 /* Assets.xcassets */ = {isa = PBXFileReference; lastKnownFileType = folder.assetcatalog; path = Assets.xcassets; sourceTree = "<group>"; };
		DEB5F8281E2EA818006C9609 /* Base */ = {isa = PBXFileReference; lastKnownFileType = file.storyboard; name = Base; path = Base.lproj/LaunchScreen.storyboard; sourceTree = "<group>"; };
		DEB5F82A1E2EA818006C9609 /* Info.plist */ = {isa = PBXFileReference; lastKnownFileType = text.plist.xml; path = Info.plist; sourceTree = "<group>"; };
		DEB5F8311E2EA8B3006C9609 /* Post.swift */ = {isa = PBXFileReference; fileEncoding = 4; lastKnownFileType = sourcecode.swift; path = Post.swift; sourceTree = "<group>"; };
		DEB5F8341E2EB07D006C9609 /* PostCell.swift */ = {isa = PBXFileReference; fileEncoding = 4; lastKnownFileType = sourcecode.swift; path = PostCell.swift; sourceTree = "<group>"; };
		DEB5F8371E2EB562006C9609 /* AddPostVC.swift */ = {isa = PBXFileReference; fileEncoding = 4; lastKnownFileType = sourcecode.swift; path = AddPostVC.swift; sourceTree = "<group>"; };
		DEB5F83A1E2EC06A006C9609 /* DataService.swift */ = {isa = PBXFileReference; fileEncoding = 4; lastKnownFileType = sourcecode.swift; path = DataService.swift; sourceTree = "<group>"; };
/* End PBXFileReference section */

/* Begin PBXFrameworksBuildPhase section */
		DEB5F8181E2EA817006C9609 /* Frameworks */ = {
			isa = PBXFrameworksBuildPhase;
			buildActionMask = 2147483647;
			files = (
			);
			runOnlyForDeploymentPostprocessing = 0;
		};
/* End PBXFrameworksBuildPhase section */

/* Begin PBXGroup section */
		DEB5F8121E2EA817006C9609 = {
			isa = PBXGroup;
			children = (
				DEB5F81D1E2EA818006C9609 /* myHood-dev */,
				DEB5F81C1E2EA818006C9609 /* Products */,
			);
			sourceTree = "<group>";
		};
		DEB5F81C1E2EA818006C9609 /* Products */ = {
			isa = PBXGroup;
			children = (
				DEB5F81B1E2EA818006C9609 /* myHood-dev.app */,
			);
			name = Products;
			sourceTree = "<group>";
		};
		DEB5F81D1E2EA818006C9609 /* myHood-dev */ = {
			isa = PBXGroup;
			children = (
				DEB5F8391E2EC054006C9609 /* Services */,
				DEB5F8361E2EB52D006C9609 /* Controller */,
				DEB5F8301E2EA897006C9609 /* Model */,
				DEB5F8331E2EB056006C9609 /* View */,
				DEB5F81E1E2EA818006C9609 /* AppDelegate.swift */,
				DEB5F8251E2EA818006C9609 /* Assets.xcassets */,
				DEB5F82A1E2EA818006C9609 /* Info.plist */,
			);
			path = "myHood-dev";
			sourceTree = "<group>";
		};
		DEB5F8301E2EA897006C9609 /* Model */ = {
			isa = PBXGroup;
			children = (
				DEB5F8311E2EA8B3006C9609 /* Post.swift */,
			);
			name = Model;
			sourceTree = "<group>";
		};
		DEB5F8331E2EB056006C9609 /* View */ = {
			isa = PBXGroup;
			children = (
				DEB5F8221E2EA818006C9609 /* Main.storyboard */,
				DEB5F8271E2EA818006C9609 /* LaunchScreen.storyboard */,
				DEB5F8341E2EB07D006C9609 /* PostCell.swift */,
			);
			name = View;
			sourceTree = "<group>";
		};
		DEB5F8361E2EB52D006C9609 /* Controller */ = {
			isa = PBXGroup;
			children = (
				DEB5F8201E2EA818006C9609 /* ViewController.swift */,
				DEB5F8371E2EB562006C9609 /* AddPostVC.swift */,
			);
			name = Controller;
			sourceTree = "<group>";
		};
		DEB5F8391E2EC054006C9609 /* Services */ = {
			isa = PBXGroup;
			children = (
				DEB5F83A1E2EC06A006C9609 /* DataService.swift */,
			);
			name = Services;
			sourceTree = "<group>";
		};
/* End PBXGroup section */

/* Begin PBXNativeTarget section */
		DEB5F81A1E2EA817006C9609 /* myHood-dev */ = {
			isa = PBXNativeTarget;
			buildConfigurationList = DEB5F82D1E2EA818006C9609 /* Build configuration list for PBXNativeTarget "myHood-dev" */;
			buildPhases = (
				DEB5F8171E2EA817006C9609 /* Sources */,
				DEB5F8181E2EA817006C9609 /* Frameworks */,
				DEB5F8191E2EA817006C9609 /* Resources */,
			);
			buildRules = (
			);
			dependencies = (
			);
			name = "myHood-dev";
			productName = "myHood-dev";
			productReference = DEB5F81B1E2EA818006C9609 /* myHood-dev.app */;
			productType = "com.apple.product-type.application";
		};
/* End PBXNativeTarget section */

/* Begin PBXProject section */
		DEB5F8131E2EA817006C9609 /* Project object */ = {
			isa = PBXProject;
			attributes = {
				LastSwiftUpdateCheck = 0820;
				LastUpgradeCheck = 0820;
				ORGANIZATIONNAME = "Eduardo Chiaro";
				TargetAttributes = {
					DEB5F81A1E2EA817006C9609 = {
						CreatedOnToolsVersion = 8.2.1;
						DevelopmentTeam = E5SWLPU3LR;
						ProvisioningStyle = Automatic;
					};
				};
			};
			buildConfigurationList = DEB5F8161E2EA817006C9609 /* Build configuration list for PBXProject "myHood-dev" */;
			compatibilityVersion = "Xcode 3.2";
			developmentRegion = English;
			hasScannedForEncodings = 0;
			knownRegions = (
				en,
				Base,
			);
			mainGroup = DEB5F8121E2EA817006C9609;
			productRefGroup = DEB5F81C1E2EA818006C9609 /* Products */;
			projectDirPath = "";
			projectRoot = "";
			targets = (
				DEB5F81A1E2EA817006C9609 /* myHood-dev */,
			);
		};
/* End PBXProject section */

/* Begin PBXResourcesBuildPhase section */
		DEB5F8191E2EA817006C9609 /* Resources */ = {
			isa = PBXResourcesBuildPhase;
			buildActionMask = 2147483647;
			files = (
				DEB5F8291E2EA818006C9609 /* LaunchScreen.storyboard in Resources */,
				DEB5F8261E2EA818006C9609 /* Assets.xcassets in Resources */,
				DEB5F8241E2EA818006C9609 /* Main.storyboard in Resources */,
			);
			runOnlyForDeploymentPostprocessing = 0;
		};
/* End PBXResourcesBuildPhase section */

/* Begin PBXSourcesBuildPhase section */
		DEB5F8171E2EA817006C9609 /* Sources */ = {
			isa = PBXSourcesBuildPhase;
			buildActionMask = 2147483647;
			files = (
				DEB5F8321E2EA8B3006C9609 /* Post.swift in Sources */,
				DEB5F8211E2EA818006C9609 /* ViewController.swift in Sources */,
				DEB5F8381E2EB562006C9609 /* AddPostVC.swift in Sources */,
				DEB5F83B1E2EC06A006C9609 /* DataService.swift in Sources */,
				DEB5F81F1E2EA818006C9609 /* AppDelegate.swift in Sources */,
				DEB5F8351E2EB07D006C9609 /* PostCell.swift in Sources */,
			);
			runOnlyForDeploymentPostprocessing = 0;
		};
/* End PBXSourcesBuildPhase section */

/* Begin PBXVariantGroup section */
		DEB5F8221E2EA818006C9609 /* Main.storyboard */ = {
			isa = PBXVariantGroup;
			children = (
				DEB5F8231E2EA818006C9609 /* Base */,
			);
			name = Main.storyboard;
			sourceTree = "<group>";
		};
		DEB5F8271E2EA818006C9609 /* LaunchScreen.storyboard */ = {
			isa = PBXVariantGroup;
			children = (
				DEB5F8281E2EA818006C9609 /* Base */,
			);
			name = LaunchScreen.storyboard;
			sourceTree = "<group>";
		};
/* End PBXVariantGroup section */

/* Begin XCBuildConfiguration section */
		DEB5F82B1E2EA818006C9609 /* Debug */ = {
			isa = XCBuildConfiguration;
			buildSettings = {
				ALWAYS_SEARCH_USER_PATHS = NO;
				CLANG_ANALYZER_NONNULL = YES;
				CLANG_CXX_LANGUAGE_STANDARD = "gnu++0x";
				CLANG_CXX_LIBRARY = "libc++";
				CLANG_ENABLE_MODULES = YES;
				CLANG_ENABLE_OBJC_ARC = YES;
				CLANG_WARN_BOOL_CONVERSION = YES;
				CLANG_WARN_CONSTANT_CONVERSION = YES;
				CLANG_WARN_DIRECT_OBJC_ISA_USAGE = YES_ERROR;
				CLANG_WARN_DOCUMENTATION_COMMENTS = YES;
				CLANG_WARN_EMPTY_BODY = YES;
				CLANG_WARN_ENUM_CONVERSION = YES;
				CLANG_WARN_INFINITE_RECURSION = YES;
				CLANG_WARN_INT_CONVERSION = YES;
				CLANG_WARN_OBJC_ROOT_CLASS = YES_ERROR;
				CLANG_WARN_SUSPICIOUS_MOVE = YES;
				CLANG_WARN_UNREACHABLE_CODE = YES;
				CLANG_WARN__DUPLICATE_METHOD_MATCH = YES;
				"CODE_SIGN_IDENTITY[sdk=iphoneos*]" = "iPhone Developer";
				COPY_PHASE_STRIP = NO;
				DEBUG_INFORMATION_FORMAT = dwarf;
				ENABLE_STRICT_OBJC_MSGSEND = YES;
				ENABLE_TESTABILITY = YES;
				GCC_C_LANGUAGE_STANDARD = gnu99;
				GCC_DYNAMIC_NO_PIC = NO;
				GCC_NO_COMMON_BLOCKS = YES;
				GCC_OPTIMIZATION_LEVEL = 0;
				GCC_PREPROCESSOR_DEFINITIONS = (
					"DEBUG=1",
					"$(inherited)",
				);
				GCC_WARN_64_TO_32_BIT_CONVERSION = YES;
				GCC_WARN_ABOUT_RETURN_TYPE = YES_ERROR;
				GCC_WARN_UNDECLARED_SELECTOR = YES;
				GCC_WARN_UNINITIALIZED_AUTOS = YES_AGGRESSIVE;
				GCC_WARN_UNUSED_FUNCTION = YES;
				GCC_WARN_UNUSED_VARIABLE = YES;
				IPHONEOS_DEPLOYMENT_TARGET = 10.2;
				MTL_ENABLE_DEBUG_INFO = YES;
				ONLY_ACTIVE_ARCH = YES;
				SDKROOT = iphoneos;
				SWIFT_ACTIVE_COMPILATION_CONDITIONS = DEBUG;
				SWIFT_OPTIMIZATION_LEVEL = "-Onone";
				TARGETED_DEVICE_FAMILY = "1,2";
			};
			name = Debug;
		};
		DEB5F82C1E2EA818006C9609 /* Release */ = {
			isa = XCBuildConfiguration;
			buildSettings = {
				ALWAYS_SEARCH_USER_PATHS = NO;
				CLANG_ANALYZER_NONNULL = YES;
				CLANG_CXX_LANGUAGE_STANDARD = "gnu++0x";
				CLANG_CXX_LIBRARY = "libc++";
				CLANG_ENABLE_MODULES = YES;
				CLANG_ENABLE_OBJC_ARC = YES;
				CLANG_WARN_BOOL_CONVERSION = YES;
				CLANG_WARN_CONSTANT_CONVERSION = YES;
				CLANG_WARN_DIRECT_OBJC_ISA_USAGE = YES_ERROR;
				CLANG_WARN_DOCUMENTATION_COMMENTS = YES;
				CLANG_WARN_EMPTY_BODY = YES;
				CLANG_WARN_ENUM_CONVERSION = YES;
				CLANG_WARN_INFINITE_RECURSION = YES;
				CLANG_WARN_INT_CONVERSION = YES;
				CLANG_WARN_OBJC_ROOT_CLASS = YES_ERROR;
				CLANG_WARN_SUSPICIOUS_MOVE = YES;
				CLANG_WARN_UNREACHABLE_CODE = YES;
				CLANG_WARN__DUPLICATE_METHOD_MATCH = YES;
				"CODE_SIGN_IDENTITY[sdk=iphoneos*]" = "iPhone Developer";
				COPY_PHASE_STRIP = NO;
				DEBUG_INFORMATION_FORMAT = "dwarf-with-dsym";
				ENABLE_NS_ASSERTIONS = NO;
				ENABLE_STRICT_OBJC_MSGSEND = YES;
				GCC_C_LANGUAGE_STANDARD = gnu99;
				GCC_NO_COMMON_BLOCKS = YES;
				GCC_WARN_64_TO_32_BIT_CONVERSION = YES;
				GCC_WARN_ABOUT_RETURN_TYPE = YES_ERROR;
				GCC_WARN_UNDECLARED_SELECTOR = YES;
				GCC_WARN_UNINITIALIZED_AUTOS = YES_AGGRESSIVE;
				GCC_WARN_UNUSED_FUNCTION = YES;
				GCC_WARN_UNUSED_VARIABLE = YES;
				IPHONEOS_DEPLOYMENT_TARGET = 10.2;
				MTL_ENABLE_DEBUG_INFO = NO;
				SDKROOT = iphoneos;
				SWIFT_OPTIMIZATION_LEVEL = "-Owholemodule";
				TARGETED_DEVICE_FAMILY = "1,2";
				VALIDATE_PRODUCT = YES;
			};
			name = Release;
		};
		DEB5F82E1E2EA818006C9609 /* Debug */ = {
			isa = XCBuildConfiguration;
			buildSettings = {
				ASSETCATALOG_COMPILER_APPICON_NAME = AppIcon;
				DEVELOPMENT_TEAM = E5SWLPU3LR;
				INFOPLIST_FILE = "myHood-dev/Info.plist";
				LD_RUNPATH_SEARCH_PATHS = "$(inherited) @executable_path/Frameworks";
				PRODUCT_BUNDLE_IDENTIFIER = "eduardochiaro.myHood-dev";
				PRODUCT_NAME = "$(TARGET_NAME)";
				SWIFT_VERSION = 3.0;
			};
			name = Debug;
		};
		DEB5F82F1E2EA818006C9609 /* Release */ = {
			isa = XCBuildConfiguration;
			buildSettings = {
				ASSETCATALOG_COMPILER_APPICON_NAME = AppIcon;
				DEVELOPMENT_TEAM = E5SWLPU3LR;
				INFOPLIST_FILE = "myHood-dev/Info.plist";
				LD_RUNPATH_SEARCH_PATHS = "$(inherited) @executable_path/Frameworks";
				PRODUCT_BUNDLE_IDENTIFIER = "eduardochiaro.myHood-dev";
				PRODUCT_NAME = "$(TARGET_NAME)";
				SWIFT_VERSION = 3.0;
			};
			name = Release;
		};
/* End XCBuildConfiguration section */

/* Begin XCConfigurationList section */
		DEB5F8161E2EA817006C9609 /* Build configuration list for PBXProject "myHood-dev" */ = {
			isa = XCConfigurationList;
			buildConfigurations = (
				DEB5F82B1E2EA818006C9609 /* Debug */,
				DEB5F82C1E2EA818006C9609 /* Release */,
			);
			defaultConfigurationIsVisible = 0;
			defaultConfigurationName = Release;
		};
		DEB5F82D1E2EA818006C9609 /* Build configuration list for PBXNativeTarget "myHood-dev" */ = {
			isa = XCConfigurationList;
			buildConfigurations = (
				DEB5F82E1E2EA818006C9609 /* Debug */,
				DEB5F82F1E2EA818006C9609 /* Release */,
			);
			defaultConfigurationIsVisible = 0;
		};
/* End XCConfigurationList section */
	};
	rootObject = DEB5F8131E2EA817006C9609 /* Project object */;
}
